// !$*UTF8*$!
{
	archiveVersion = 1;
	classes = {
	};
	objectVersion = 55;
	objects = {

/* Begin PBXBuildFile section */
		41B017A429AA481900DEBC88 /* Uber_CloneApp.swift in Sources */ = {isa = PBXBuildFile; fileRef = 41B017A329AA481900DEBC88 /* Uber_CloneApp.swift */; };
		41B017A829AA481A00DEBC88 /* Assets.xcassets in Resources */ = {isa = PBXBuildFile; fileRef = 41B017A729AA481A00DEBC88 /* Assets.xcassets */; };
		41B017AB29AA481A00DEBC88 /* Preview Assets.xcassets in Resources */ = {isa = PBXBuildFile; fileRef = 41B017AA29AA481A00DEBC88 /* Preview Assets.xcassets */; };
		41B017B929AA4ACD00DEBC88 /* HomeView.swift in Sources */ = {isa = PBXBuildFile; fileRef = 41B017B829AA4ACD00DEBC88 /* HomeView.swift */; };
		41B017BB29AF514E00DEBC88 /* UberMapViewRepresentable.swift in Sources */ = {isa = PBXBuildFile; fileRef = 41B017BA29AF514E00DEBC88 /* UberMapViewRepresentable.swift */; };
		41B017BD29AF549400DEBC88 /* LocationManager.swift in Sources */ = {isa = PBXBuildFile; fileRef = 41B017BC29AF549400DEBC88 /* LocationManager.swift */; };
		41B017C329B0C1FD00DEBC88 /* LocationSearchActivationView.swift in Sources */ = {isa = PBXBuildFile; fileRef = 41B017C229B0C1FD00DEBC88 /* LocationSearchActivationView.swift */; };
/* End PBXBuildFile section */

/* Begin PBXFileReference section */
		41B017A029AA481900DEBC88 /* Uber-Clone.app */ = {isa = PBXFileReference; explicitFileType = wrapper.application; includeInIndex = 0; path = "Uber-Clone.app"; sourceTree = BUILT_PRODUCTS_DIR; };
		41B017A329AA481900DEBC88 /* Uber_CloneApp.swift */ = {isa = PBXFileReference; lastKnownFileType = sourcecode.swift; path = Uber_CloneApp.swift; sourceTree = "<group>"; };
		41B017A729AA481A00DEBC88 /* Assets.xcassets */ = {isa = PBXFileReference; lastKnownFileType = folder.assetcatalog; path = Assets.xcassets; sourceTree = "<group>"; };
		41B017AA29AA481A00DEBC88 /* Preview Assets.xcassets */ = {isa = PBXFileReference; lastKnownFileType = folder.assetcatalog; path = "Preview Assets.xcassets"; sourceTree = "<group>"; };
		41B017B829AA4ACD00DEBC88 /* HomeView.swift */ = {isa = PBXFileReference; lastKnownFileType = sourcecode.swift; name = HomeView.swift; path = Views/HomeView.swift; sourceTree = "<group>"; };
		41B017BA29AF514E00DEBC88 /* UberMapViewRepresentable.swift */ = {isa = PBXFileReference; lastKnownFileType = sourcecode.swift; name = UberMapViewRepresentable.swift; path = Views/UberMapViewRepresentable.swift; sourceTree = "<group>"; };
		41B017BC29AF549400DEBC88 /* LocationManager.swift */ = {isa = PBXFileReference; lastKnownFileType = sourcecode.swift; path = LocationManager.swift; sourceTree = "<group>"; };
		41B017C229B0C1FD00DEBC88 /* LocationSearchActivationView.swift */ = {isa = PBXFileReference; lastKnownFileType = sourcecode.swift; path = LocationSearchActivationView.swift; sourceTree = "<group>"; };
/* End PBXFileReference section */

/* Begin PBXFrameworksBuildPhase section */
		41B0179D29AA481900DEBC88 /* Frameworks */ = {
			isa = PBXFrameworksBuildPhase;
			buildActionMask = 2147483647;
			files = (
			);
			runOnlyForDeploymentPostprocessing = 0;
		};
/* End PBXFrameworksBuildPhase section */

/* Begin PBXGroup section */
		41B0179729AA481900DEBC88 = {
			isa = PBXGroup;
			children = (
				41B017A229AA481900DEBC88 /* Uber-Clone */,
				41B017A129AA481900DEBC88 /* Products */,
			);
			sourceTree = "<group>";
		};
		41B017A129AA481900DEBC88 /* Products */ = {
			isa = PBXGroup;
			children = (
				41B017A029AA481900DEBC88 /* Uber-Clone.app */,
			);
			name = Products;
			sourceTree = "<group>";
		};
		41B017A229AA481900DEBC88 /* Uber-Clone */ = {
			isa = PBXGroup;
			children = (
				41B017B129AA49EB00DEBC88 /* App */,
				41B017B229AA49FB00DEBC88 /* Core */,
				41B017B329AA4A0800DEBC88 /* Extentions */,
				41B017B429AA4A1B00DEBC88 /* Managers */,
				41B017B529AA4A2600DEBC88 /* Models */,
				41B017A729AA481A00DEBC88 /* Assets.xcassets */,
				41B017A929AA481A00DEBC88 /* Preview Content */,
			);
			path = "Uber-Clone";
			sourceTree = "<group>";
		};
		41B017A929AA481A00DEBC88 /* Preview Content */ = {
			isa = PBXGroup;
			children = (
				41B017AA29AA481A00DEBC88 /* Preview Assets.xcassets */,
			);
			path = "Preview Content";
			sourceTree = "<group>";
		};
		41B017B129AA49EB00DEBC88 /* App */ = {
			isa = PBXGroup;
			children = (
				41B017A329AA481900DEBC88 /* Uber_CloneApp.swift */,
			);
			path = App;
			sourceTree = "<group>";
		};
		41B017B229AA49FB00DEBC88 /* Core */ = {
			isa = PBXGroup;
			children = (
				41B017B829AA4ACD00DEBC88 /* HomeView.swift */,
				41B017BA29AF514E00DEBC88 /* UberMapViewRepresentable.swift */,
				41B017BF29B0C19C00DEBC88 /* LocationSearch */,
				41B017BE29B0C17C00DEBC88 /* Home */,
			);
			path = Core;
			sourceTree = "<group>";
		};
		41B017B329AA4A0800DEBC88 /* Extentions */ = {
			isa = PBXGroup;
			children = (
			);
			path = Extentions;
			sourceTree = "<group>";
		};
		41B017B429AA4A1B00DEBC88 /* Managers */ = {
			isa = PBXGroup;
			children = (
				41B017BC29AF549400DEBC88 /* LocationManager.swift */,
			);
			path = Managers;
			sourceTree = "<group>";
		};
		41B017B529AA4A2600DEBC88 /* Models */ = {
			isa = PBXGroup;
			children = (
			);
			path = Models;
			sourceTree = "<group>";
		};
		41B017B629AA4A8B00DEBC88 /* ViewModel */ = {
			isa = PBXGroup;
			children = (
			);
			path = ViewModel;
			sourceTree = "<group>";
		};
		41B017B729AA4AAC00DEBC88 /* Views */ = {
			isa = PBXGroup;
			children = (
			);
			name = Views;
			path = ../Views;
			sourceTree = "<group>";
		};
		41B017BE29B0C17C00DEBC88 /* Home */ = {
			isa = PBXGroup;
			children = (
				41B017B629AA4A8B00DEBC88 /* ViewModel */,
				41B017B729AA4AAC00DEBC88 /* Views */,
			);
			path = Home;
			sourceTree = "<group>";
		};
		41B017BF29B0C19C00DEBC88 /* LocationSearch */ = {
			isa = PBXGroup;
			children = (
				41B017C129B0C1BF00DEBC88 /* ViewModel */,
				41B017C029B0C1B900DEBC88 /* Views */,
			);
			path = LocationSearch;
			sourceTree = "<group>";
		};
		41B017C029B0C1B900DEBC88 /* Views */ = {
			isa = PBXGroup;
			children = (
				41B017C229B0C1FD00DEBC88 /* LocationSearchActivationView.swift */,
			);
			path = Views;
			sourceTree = "<group>";
		};
		41B017C129B0C1BF00DEBC88 /* ViewModel */ = {
			isa = PBXGroup;
			children = (
			);
			path = ViewModel;
			sourceTree = "<group>";
		};
/* End PBXGroup section */

/* Begin PBXNativeTarget section */
		41B0179F29AA481900DEBC88 /* Uber-Clone */ = {
			isa = PBXNativeTarget;
			buildConfigurationList = 41B017AE29AA481A00DEBC88 /* Build configuration list for PBXNativeTarget "Uber-Clone" */;
			buildPhases = (
				41B0179C29AA481900DEBC88 /* Sources */,
				41B0179D29AA481900DEBC88 /* Frameworks */,
				41B0179E29AA481900DEBC88 /* Resources */,
			);
			buildRules = (
			);
			dependencies = (
			);
			name = "Uber-Clone";
			productName = "Uber-Clone";
			productReference = 41B017A029AA481900DEBC88 /* Uber-Clone.app */;
			productType = "com.apple.product-type.application";
		};
/* End PBXNativeTarget section */

/* Begin PBXProject section */
		41B0179829AA481900DEBC88 /* Project object */ = {
			isa = PBXProject;
			attributes = {
				BuildIndependentTargetsInParallel = 1;
				LastSwiftUpdateCheck = 1340;
				LastUpgradeCheck = 1340;
				TargetAttributes = {
					41B0179F29AA481900DEBC88 = {
						CreatedOnToolsVersion = 13.4.1;
					};
				};
			};
			buildConfigurationList = 41B0179B29AA481900DEBC88 /* Build configuration list for PBXProject "Uber-Clone" */;
			compatibilityVersion = "Xcode 13.0";
			developmentRegion = en;
			hasScannedForEncodings = 0;
			knownRegions = (
				en,
				Base,
			);
			mainGroup = 41B0179729AA481900DEBC88;
			productRefGroup = 41B017A129AA481900DEBC88 /* Products */;
			projectDirPath = "";
			projectRoot = "";
			targets = (
				41B0179F29AA481900DEBC88 /* Uber-Clone */,
			);
		};
/* End PBXProject section */

/* Begin PBXResourcesBuildPhase section */
		41B0179E29AA481900DEBC88 /* Resources */ = {
			isa = PBXResourcesBuildPhase;
			buildActionMask = 2147483647;
			files = (
				41B017AB29AA481A00DEBC88 /* Preview Assets.xcassets in Resources */,
				41B017A829AA481A00DEBC88 /* Assets.xcassets in Resources */,
			);
			runOnlyForDeploymentPostprocessing = 0;
		};
/* End PBXResourcesBuildPhase section */

/* Begin PBXSourcesBuildPhase section */
		41B0179C29AA481900DEBC88 /* Sources */ = {
			isa = PBXSourcesBuildPhase;
			buildActionMask = 2147483647;
			files = (
				41B017BD29AF549400DEBC88 /* LocationManager.swift in Sources */,
				41B017A429AA481900DEBC88 /* Uber_CloneApp.swift in Sources */,
				41B017BB29AF514E00DEBC88 /* UberMapViewRepresentable.swift in Sources */,
				41B017B929AA4ACD00DEBC88 /* HomeView.swift in Sources */,
				41B017C329B0C1FD00DEBC88 /* LocationSearchActivationView.swift in Sources */,
			);
			runOnlyForDeploymentPostprocessing = 0;
		};
/* End PBXSourcesBuildPhase section */

/* Begin XCBuildConfiguration section */
		41B017AC29AA481A00DEBC88 /* Debug */ = {
			isa = XCBuildConfiguration;
			buildSettings = {
				ALWAYS_SEARCH_USER_PATHS = NO;
				CLANG_ANALYZER_NONNULL = YES;
				CLANG_ANALYZER_NUMBER_OBJECT_CONVERSION = YES_AGGRESSIVE;
				CLANG_CXX_LANGUAGE_STANDARD = "gnu++17";
				CLANG_ENABLE_MODULES = YES;
				CLANG_ENABLE_OBJC_ARC = YES;
				CLANG_ENABLE_OBJC_WEAK = YES;
				CLANG_WARN_BLOCK_CAPTURE_AUTORELEASING = YES;
				CLANG_WARN_BOOL_CONVERSION = YES;
				CLANG_WARN_COMMA = YES;
				CLANG_WARN_CONSTANT_CONVERSION = YES;
				CLANG_WARN_DEPRECATED_OBJC_IMPLEMENTATIONS = YES;
				CLANG_WARN_DIRECT_OBJC_ISA_USAGE = YES_ERROR;
				CLANG_WARN_DOCUMENTATION_COMMENTS = YES;
				CLANG_WARN_EMPTY_BODY = YES;
				CLANG_WARN_ENUM_CONVERSION = YES;
				CLANG_WARN_INFINITE_RECURSION = YES;
				CLANG_WARN_INT_CONVERSION = YES;
				CLANG_WARN_NON_LITERAL_NULL_CONVERSION = YES;
				CLANG_WARN_OBJC_IMPLICIT_RETAIN_SELF = YES;
				CLANG_WARN_OBJC_LITERAL_CONVERSION = YES;
				CLANG_WARN_OBJC_ROOT_CLASS = YES_ERROR;
				CLANG_WARN_QUOTED_INCLUDE_IN_FRAMEWORK_HEADER = YES;
				CLANG_WARN_RANGE_LOOP_ANALYSIS = YES;
				CLANG_WARN_STRICT_PROTOTYPES = YES;
				CLANG_WARN_SUSPICIOUS_MOVE = YES;
				CLANG_WARN_UNGUARDED_AVAILABILITY = YES_AGGRESSIVE;
				CLANG_WARN_UNREACHABLE_CODE = YES;
				CLANG_WARN__DUPLICATE_METHOD_MATCH = YES;
				COPY_PHASE_STRIP = NO;
				DEBUG_INFORMATION_FORMAT = dwarf;
				ENABLE_STRICT_OBJC_MSGSEND = YES;
				ENABLE_TESTABILITY = YES;
				GCC_C_LANGUAGE_STANDARD = gnu11;
				GCC_DYNAMIC_NO_PIC = NO;
				GCC_NO_COMMON_BLOCKS = YES;
				GCC_OPTIMIZATION_LEVEL = 0;
				GCC_PREPROCESSOR_DEFINITIONS = (
					"DEBUG=1",
					"$(inherited)",
				);
				GCC_WARN_64_TO_32_BIT_CONVERSION = YES;
				GCC_WARN_ABOUT_RETURN_TYPE = YES_ERROR;
				GCC_WARN_UNDECLARED_SELECTOR = YES;
				GCC_WARN_UNINITIALIZED_AUTOS = YES_AGGRESSIVE;
				GCC_WARN_UNUSED_FUNCTION = YES;
				GCC_WARN_UNUSED_VARIABLE = YES;
				IPHONEOS_DEPLOYMENT_TARGET = 15.5;
				MTL_ENABLE_DEBUG_INFO = INCLUDE_SOURCE;
				MTL_FAST_MATH = YES;
				ONLY_ACTIVE_ARCH = YES;
				SDKROOT = iphoneos;
				SWIFT_ACTIVE_COMPILATION_CONDITIONS = DEBUG;
				SWIFT_OPTIMIZATION_LEVEL = "-Onone";
			};
			name = Debug;
		};
		41B017AD29AA481A00DEBC88 /* Release */ = {
			isa = XCBuildConfiguration;
			buildSettings = {
				ALWAYS_SEARCH_USER_PATHS = NO;
				CLANG_ANALYZER_NONNULL = YES;
				CLANG_ANALYZER_NUMBER_OBJECT_CONVERSION = YES_AGGRESSIVE;
				CLANG_CXX_LANGUAGE_STANDARD = "gnu++17";
				CLANG_ENABLE_MODULES = YES;
				CLANG_ENABLE_OBJC_ARC = YES;
				CLANG_ENABLE_OBJC_WEAK = YES;
				CLANG_WARN_BLOCK_CAPTURE_AUTORELEASING = YES;
				CLANG_WARN_BOOL_CONVERSION = YES;
				CLANG_WARN_COMMA = YES;
				CLANG_WARN_CONSTANT_CONVERSION = YES;
				CLANG_WARN_DEPRECATED_OBJC_IMPLEMENTATIONS = YES;
				CLANG_WARN_DIRECT_OBJC_ISA_USAGE = YES_ERROR;
				CLANG_WARN_DOCUMENTATION_COMMENTS = YES;
				CLANG_WARN_EMPTY_BODY = YES;
				CLANG_WARN_ENUM_CONVERSION = YES;
				CLANG_WARN_INFINITE_RECURSION = YES;
				CLANG_WARN_INT_CONVERSION = YES;
				CLANG_WARN_NON_LITERAL_NULL_CONVERSION = YES;
				CLANG_WARN_OBJC_IMPLICIT_RETAIN_SELF = YES;
				CLANG_WARN_OBJC_LITERAL_CONVERSION = YES;
				CLANG_WARN_OBJC_ROOT_CLASS = YES_ERROR;
				CLANG_WARN_QUOTED_INCLUDE_IN_FRAMEWORK_HEADER = YES;
				CLANG_WARN_RANGE_LOOP_ANALYSIS = YES;
				CLANG_WARN_STRICT_PROTOTYPES = YES;
				CLANG_WARN_SUSPICIOUS_MOVE = YES;
				CLANG_WARN_UNGUARDED_AVAILABILITY = YES_AGGRESSIVE;
				CLANG_WARN_UNREACHABLE_CODE = YES;
				CLANG_WARN__DUPLICATE_METHOD_MATCH = YES;
				COPY_PHASE_STRIP = NO;
				DEBUG_INFORMATION_FORMAT = "dwarf-with-dsym";
				ENABLE_NS_ASSERTIONS = NO;
				ENABLE_STRICT_OBJC_MSGSEND = YES;
				GCC_C_LANGUAGE_STANDARD = gnu11;
				GCC_NO_COMMON_BLOCKS = YES;
				GCC_WARN_64_TO_32_BIT_CONVERSION = YES;
				GCC_WARN_ABOUT_RETURN_TYPE = YES_ERROR;
				GCC_WARN_UNDECLARED_SELECTOR = YES;
				GCC_WARN_UNINITIALIZED_AUTOS = YES_AGGRESSIVE;
				GCC_WARN_UNUSED_FUNCTION = YES;
				GCC_WARN_UNUSED_VARIABLE = YES;
				IPHONEOS_DEPLOYMENT_TARGET = 15.5;
				MTL_ENABLE_DEBUG_INFO = NO;
				MTL_FAST_MATH = YES;
				SDKROOT = iphoneos;
				SWIFT_COMPILATION_MODE = wholemodule;
				SWIFT_OPTIMIZATION_LEVEL = "-O";
				VALIDATE_PRODUCT = YES;
			};
			name = Release;
		};
		41B017AF29AA481A00DEBC88 /* Debug */ = {
			isa = XCBuildConfiguration;
			buildSettings = {
				ASSETCATALOG_COMPILER_APPICON_NAME = AppIcon;
				ASSETCATALOG_COMPILER_GLOBAL_ACCENT_COLOR_NAME = AccentColor;
				CODE_SIGN_STYLE = Automatic;
				CURRENT_PROJECT_VERSION = 1;
				DEVELOPMENT_ASSET_PATHS = "\"Uber-Clone/Preview Content\"";
				ENABLE_PREVIEWS = YES;
				GENERATE_INFOPLIST_FILE = YES;
				INFOPLIST_KEY_NSLocationWhenInUseUsageDescription = "Allow location to find near drivers and locations";
				INFOPLIST_KEY_UIApplicationSceneManifest_Generation = YES;
				INFOPLIST_KEY_UIApplicationSupportsIndirectInputEvents = YES;
				INFOPLIST_KEY_UILaunchScreen_Generation = YES;
				INFOPLIST_KEY_UISupportedInterfaceOrientations_iPad = "UIInterfaceOrientationPortrait UIInterfaceOrientationPortraitUpsideDown UIInterfaceOrientationLandscapeLeft UIInterfaceOrientationLandscapeRight";
				INFOPLIST_KEY_UISupportedInterfaceOrientations_iPhone = "UIInterfaceOrientationPortrait UIInterfaceOrientationLandscapeLeft UIInterfaceOrientationLandscapeRight";
				LD_RUNPATH_SEARCH_PATHS = (
					"$(inherited)",
					"@executable_path/Frameworks",
				);
				MARKETING_VERSION = 1.0;
				PRODUCT_BUNDLE_IDENTIFIER = "Ashkan.Ebtekari.Uber-Clone";
				PRODUCT_NAME = "$(TARGET_NAME)";
				SWIFT_EMIT_LOC_STRINGS = YES;
				SWIFT_VERSION = 5.0;
				TARGETED_DEVICE_FAMILY = "1,2";
			};
			name = Debug;
		};
		41B017B029AA481A00DEBC88 /* Release */ = {
			isa = XCBuildConfiguration;
			buildSettings = {
				ASSETCATALOG_COMPILER_APPICON_NAME = AppIcon;
				ASSETCATALOG_COMPILER_GLOBAL_ACCENT_COLOR_NAME = AccentColor;
				CODE_SIGN_STYLE = Automatic;
				CURRENT_PROJECT_VERSION = 1;
				DEVELOPMENT_ASSET_PATHS = "\"Uber-Clone/Preview Content\"";
				ENABLE_PREVIEWS = YES;
				GENERATE_INFOPLIST_FILE = YES;
				INFOPLIST_KEY_NSLocationWhenInUseUsageDescription = "Allow location to find near drivers and locations";
				INFOPLIST_KEY_UIApplicationSceneManifest_Generation = YES;
				INFOPLIST_KEY_UIApplicationSupportsIndirectInputEvents = YES;
				INFOPLIST_KEY_UILaunchScreen_Generation = YES;
				INFOPLIST_KEY_UISupportedInterfaceOrientations_iPad = "UIInterfaceOrientationPortrait UIInterfaceOrientationPortraitUpsideDown UIInterfaceOrientationLandscapeLeft UIInterfaceOrientationLandscapeRight";
				INFOPLIST_KEY_UISupportedInterfaceOrientations_iPhone = "UIInterfaceOrientationPortrait UIInterfaceOrientationLandscapeLeft UIInterfaceOrientationLandscapeRight";
				LD_RUNPATH_SEARCH_PATHS = (
					"$(inherited)",
					"@executable_path/Frameworks",
				);
				MARKETING_VERSION = 1.0;
				PRODUCT_BUNDLE_IDENTIFIER = "Ashkan.Ebtekari.Uber-Clone";
				PRODUCT_NAME = "$(TARGET_NAME)";
				SWIFT_EMIT_LOC_STRINGS = YES;
				SWIFT_VERSION = 5.0;
				TARGETED_DEVICE_FAMILY = "1,2";
			};
			name = Release;
		};
/* End XCBuildConfiguration section */

/* Begin XCConfigurationList section */
		41B0179B29AA481900DEBC88 /* Build configuration list for PBXProject "Uber-Clone" */ = {
			isa = XCConfigurationList;
			buildConfigurations = (
				41B017AC29AA481A00DEBC88 /* Debug */,
				41B017AD29AA481A00DEBC88 /* Release */,
			);
			defaultConfigurationIsVisible = 0;
			defaultConfigurationName = Release;
		};
		41B017AE29AA481A00DEBC88 /* Build configuration list for PBXNativeTarget "Uber-Clone" */ = {
			isa = XCConfigurationList;
			buildConfigurations = (
				41B017AF29AA481A00DEBC88 /* Debug */,
				41B017B029AA481A00DEBC88 /* Release */,
			);
			defaultConfigurationIsVisible = 0;
			defaultConfigurationName = Release;
		};
/* End XCConfigurationList section */
	};
	rootObject = 41B0179829AA481900DEBC88 /* Project object */;
}
